
Microsoft Visual Studio Solution File, Format Version 12.00
# Visual Studio Version 16
VisualStudioVersion = 16.0.29519.87
MinimumVisualStudioVersion = 10.0.40219.1
Project("{888888A0-9F3D-457C-B088-3A5042F75D52}") = "ABC06A", "ABC06A.pyproj", "{32B02BE2-7642-4643-96BA-7C44549851FE}"
EndProject
Global
	GlobalSection(SolutionConfigurationPlatforms) = preSolution
		Debug|Any CPU = Debug|Any CPU
		Release|Any CPU = Release|Any CPU
	EndGlobalSection
	GlobalSection(ProjectConfigurationPlatforms) = postSolution
		{32B02BE2-7642-4643-96BA-7C44549851FE}.Debug|Any CPU.ActiveCfg = Debug|Any CPU
		{32B02BE2-7642-4643-96BA-7C44549851FE}.Release|Any CPU.ActiveCfg = Release|Any CPU
	EndGlobalSection
	GlobalSection(SolutionProperties) = preSolution
		HideSolutionNode = FALSE
	EndGlobalSection
	GlobalSection(ExtensibilityGlobals) = postSolution
		SolutionGuid = {55757A9D-79A7-4D8B-B44E-F39E65734714}
	EndGlobalSection
EndGlobal
