
Microsoft Visual Studio Solution File, Format Version 12.00
# Visual Studio Version 16
VisualStudioVersion = 16.0.29519.87
MinimumVisualStudioVersion = 10.0.40219.1
Project("{888888A0-9F3D-457C-B088-3A5042F75D52}") = "ABC081B", "ABC081B.pyproj", "{B32C41B7-0BDD-4346-BAE5-487888D72A52}"
EndProject
Global
	GlobalSection(SolutionConfigurationPlatforms) = preSolution
		Debug|Any CPU = Debug|Any CPU
		Release|Any CPU = Release|Any CPU
	EndGlobalSection
	GlobalSection(ProjectConfigurationPlatforms) = postSolution
		{B32C41B7-0BDD-4346-BAE5-487888D72A52}.Debug|Any CPU.ActiveCfg = Debug|Any CPU
		{B32C41B7-0BDD-4346-BAE5-487888D72A52}.Release|Any CPU.ActiveCfg = Release|Any CPU
	EndGlobalSection
	GlobalSection(SolutionProperties) = preSolution
		HideSolutionNode = FALSE
	EndGlobalSection
	GlobalSection(ExtensibilityGlobals) = postSolution
		SolutionGuid = {2E3FC5DF-3CDE-4386-9C54-4ADF8C8F43F8}
	EndGlobalSection
EndGlobal
